// !$*UTF8*$!
{
	archiveVersion = 1;
	classes = {
	};
	objectVersion = 55;
	objects = {

/* Begin PBXBuildFile section */
		FB5A62D027602EE900D5509F /* ShowCats.swift in Sources */ = {isa = PBXBuildFile; fileRef = FB5A62CF27602EE900D5509F /* ShowCats.swift */; };
		FB5A62D227602EE900D5509F /* ContentView.swift in Sources */ = {isa = PBXBuildFile; fileRef = FB5A62D127602EE900D5509F /* ContentView.swift */; };
		FB5A62D427602EEA00D5509F /* Assets.xcassets in Resources */ = {isa = PBXBuildFile; fileRef = FB5A62D327602EEA00D5509F /* Assets.xcassets */; };
		FB5A62D727602EEA00D5509F /* Preview Assets.xcassets in Resources */ = {isa = PBXBuildFile; fileRef = FB5A62D627602EEA00D5509F /* Preview Assets.xcassets */; };
		FBEBF4B927631ACD00853593 /* somali.jpg in Resources */ = {isa = PBXBuildFile; fileRef = FBEBF4A527631ACD00853593 /* somali.jpg */; };
		FBEBF4BA27631ACD00853593 /* ragamuffin.png in Resources */ = {isa = PBXBuildFile; fileRef = FBEBF4A627631ACD00853593 /* ragamuffin.png */; };
		FBEBF4BB27631ACD00853593 /* bengal.jpg in Resources */ = {isa = PBXBuildFile; fileRef = FBEBF4A727631ACD00853593 /* bengal.jpg */; };
		FBEBF4BC27631ACD00853593 /* exotic.jpg in Resources */ = {isa = PBXBuildFile; fileRef = FBEBF4A827631ACD00853593 /* exotic.jpg */; };
		FBEBF4BD27631ACD00853593 /* britishshorthair.jpg in Resources */ = {isa = PBXBuildFile; fileRef = FBEBF4A927631ACD00853593 /* britishshorthair.jpg */; };
		FBEBF4BE27631ACD00853593 /* persia_chinchilla.jpg in Resources */ = {isa = PBXBuildFile; fileRef = FBEBF4AA27631ACD00853593 /* persia_chinchilla.jpg */; };
		FBEBF4BF27631ACD00853593 /* americancurl.jpg in Resources */ = {isa = PBXBuildFile; fileRef = FBEBF4AB27631ACD00853593 /* americancurl.jpg */; };
		FBEBF4C027631ACD00853593 /* siberian.jpg in Resources */ = {isa = PBXBuildFile; fileRef = FBEBF4AC27631ACD00853593 /* siberian.jpg */; };
		FBEBF4C127631ACD00853593 /* ragdoll.jpg in Resources */ = {isa = PBXBuildFile; fileRef = FBEBF4AD27631ACD00853593 /* ragdoll.jpg */; };
		FBEBF4C227631ACD00853593 /* mixed.jpg in Resources */ = {isa = PBXBuildFile; fileRef = FBEBF4AE27631ACD00853593 /* mixed.jpg */; };
		FBEBF4C327631ACD00853593 /* scottishfold.jpg in Resources */ = {isa = PBXBuildFile; fileRef = FBEBF4AF27631ACD00853593 /* scottishfold.jpg */; };
		FBEBF4C427631ACD00853593 /* russianblue.jpg in Resources */ = {isa = PBXBuildFile; fileRef = FBEBF4B027631ACD00853593 /* russianblue.jpg */; };
		FBEBF4C527631ACD00853593 /* japanesecat.jpg in Resources */ = {isa = PBXBuildFile; fileRef = FBEBF4B127631ACD00853593 /* japanesecat.jpg */; };
		FBEBF4C627631ACD00853593 /* munchkin.jpg in Resources */ = {isa = PBXBuildFile; fileRef = FBEBF4B227631ACD00853593 /* munchkin.jpg */; };
		FBEBF4C727631ACD00853593 /* persia.jpg in Resources */ = {isa = PBXBuildFile; fileRef = FBEBF4B327631ACD00853593 /* persia.jpg */; };
		FBEBF4C827631ACD00853593 /* mainecoon.jpg in Resources */ = {isa = PBXBuildFile; fileRef = FBEBF4B427631ACD00853593 /* mainecoon.jpg */; };
		FBEBF4C927631ACD00853593 /* exoticshorthair.jpg in Resources */ = {isa = PBXBuildFile; fileRef = FBEBF4B527631ACD00853593 /* exoticshorthair.jpg */; };
		FBEBF4CA27631ACD00853593 /* americanshorthair.jpg in Resources */ = {isa = PBXBuildFile; fileRef = FBEBF4B627631ACD00853593 /* americanshorthair.jpg */; };
		FBEBF4CB27631ACD00853593 /* minuet.jpg in Resources */ = {isa = PBXBuildFile; fileRef = FBEBF4B727631ACD00853593 /* minuet.jpg */; };
		FBEBF4CC27631ACD00853593 /* norwegianforestcat.jpg in Resources */ = {isa = PBXBuildFile; fileRef = FBEBF4B827631ACD00853593 /* norwegianforestcat.jpg */; };
/* End PBXBuildFile section */

/* Begin PBXFileReference section */
		FB5A62CC27602EE900D5509F /* ShowCats.app */ = {isa = PBXFileReference; explicitFileType = wrapper.application; includeInIndex = 0; path = ShowCats.app; sourceTree = BUILT_PRODUCTS_DIR; };
		FB5A62CF27602EE900D5509F /* ShowCats.swift */ = {isa = PBXFileReference; lastKnownFileType = sourcecode.swift; path = ShowCats.swift; sourceTree = "<group>"; };
		FB5A62D127602EE900D5509F /* ContentView.swift */ = {isa = PBXFileReference; lastKnownFileType = sourcecode.swift; path = ContentView.swift; sourceTree = "<group>"; };
		FB5A62D327602EEA00D5509F /* Assets.xcassets */ = {isa = PBXFileReference; lastKnownFileType = folder.assetcatalog; path = Assets.xcassets; sourceTree = "<group>"; };
		FB5A62D627602EEA00D5509F /* Preview Assets.xcassets */ = {isa = PBXFileReference; lastKnownFileType = folder.assetcatalog; path = "Preview Assets.xcassets"; sourceTree = "<group>"; };
		FBEBF4A527631ACD00853593 /* somali.jpg */ = {isa = PBXFileReference; lastKnownFileType = image.jpeg; path = somali.jpg; sourceTree = "<group>"; };
		FBEBF4A627631ACD00853593 /* ragamuffin.png */ = {isa = PBXFileReference; lastKnownFileType = image.png; path = ragamuffin.png; sourceTree = "<group>"; };
		FBEBF4A727631ACD00853593 /* bengal.jpg */ = {isa = PBXFileReference; lastKnownFileType = image.jpeg; path = bengal.jpg; sourceTree = "<group>"; };
		FBEBF4A827631ACD00853593 /* exotic.jpg */ = {isa = PBXFileReference; lastKnownFileType = image.jpeg; path = exotic.jpg; sourceTree = "<group>"; };
		FBEBF4A927631ACD00853593 /* britishshorthair.jpg */ = {isa = PBXFileReference; lastKnownFileType = image.jpeg; path = britishshorthair.jpg; sourceTree = "<group>"; };
		FBEBF4AA27631ACD00853593 /* persia_chinchilla.jpg */ = {isa = PBXFileReference; lastKnownFileType = image.jpeg; path = persia_chinchilla.jpg; sourceTree = "<group>"; };
		FBEBF4AB27631ACD00853593 /* americancurl.jpg */ = {isa = PBXFileReference; lastKnownFileType = image.jpeg; path = americancurl.jpg; sourceTree = "<group>"; };
		FBEBF4AC27631ACD00853593 /* siberian.jpg */ = {isa = PBXFileReference; lastKnownFileType = image.jpeg; path = siberian.jpg; sourceTree = "<group>"; };
		FBEBF4AD27631ACD00853593 /* ragdoll.jpg */ = {isa = PBXFileReference; lastKnownFileType = image.jpeg; path = ragdoll.jpg; sourceTree = "<group>"; };
		FBEBF4AE27631ACD00853593 /* mixed.jpg */ = {isa = PBXFileReference; lastKnownFileType = image.jpeg; path = mixed.jpg; sourceTree = "<group>"; };
		FBEBF4AF27631ACD00853593 /* scottishfold.jpg */ = {isa = PBXFileReference; lastKnownFileType = image.jpeg; path = scottishfold.jpg; sourceTree = "<group>"; };
		FBEBF4B027631ACD00853593 /* russianblue.jpg */ = {isa = PBXFileReference; lastKnownFileType = image.jpeg; path = russianblue.jpg; sourceTree = "<group>"; };
		FBEBF4B127631ACD00853593 /* japanesecat.jpg */ = {isa = PBXFileReference; lastKnownFileType = image.jpeg; path = japanesecat.jpg; sourceTree = "<group>"; };
		FBEBF4B227631ACD00853593 /* munchkin.jpg */ = {isa = PBXFileReference; lastKnownFileType = image.jpeg; path = munchkin.jpg; sourceTree = "<group>"; };
		FBEBF4B327631ACD00853593 /* persia.jpg */ = {isa = PBXFileReference; lastKnownFileType = image.jpeg; path = persia.jpg; sourceTree = "<group>"; };
		FBEBF4B427631ACD00853593 /* mainecoon.jpg */ = {isa = PBXFileReference; lastKnownFileType = image.jpeg; path = mainecoon.jpg; sourceTree = "<group>"; };
		FBEBF4B527631ACD00853593 /* exoticshorthair.jpg */ = {isa = PBXFileReference; lastKnownFileType = image.jpeg; path = exoticshorthair.jpg; sourceTree = "<group>"; };
		FBEBF4B627631ACD00853593 /* americanshorthair.jpg */ = {isa = PBXFileReference; lastKnownFileType = image.jpeg; path = americanshorthair.jpg; sourceTree = "<group>"; };
		FBEBF4B727631ACD00853593 /* minuet.jpg */ = {isa = PBXFileReference; lastKnownFileType = image.jpeg; path = minuet.jpg; sourceTree = "<group>"; };
		FBEBF4B827631ACD00853593 /* norwegianforestcat.jpg */ = {isa = PBXFileReference; lastKnownFileType = image.jpeg; path = norwegianforestcat.jpg; sourceTree = "<group>"; };
/* End PBXFileReference section */

/* Begin PBXFrameworksBuildPhase section */
		FB5A62C927602EE900D5509F /* Frameworks */ = {
			isa = PBXFrameworksBuildPhase;
			buildActionMask = 2147483647;
			files = (
			);
			runOnlyForDeploymentPostprocessing = 0;
		};
/* End PBXFrameworksBuildPhase section */

/* Begin PBXGroup section */
		FB5A62C327602EE900D5509F = {
			isa = PBXGroup;
			children = (
				FB5A62CE27602EE900D5509F /* ShowCats */,
				FB5A62CD27602EE900D5509F /* Products */,
			);
			sourceTree = "<group>";
		};
		FB5A62CD27602EE900D5509F /* Products */ = {
			isa = PBXGroup;
			children = (
				FB5A62CC27602EE900D5509F /* ShowCats.app */,
			);
			name = Products;
			sourceTree = "<group>";
		};
		FB5A62CE27602EE900D5509F /* ShowCats */ = {
			isa = PBXGroup;
			children = (
				FBEBF4A427631ACD00853593 /* cats */,
				FB5A62CF27602EE900D5509F /* ShowCats.swift */,
				FB5A62D127602EE900D5509F /* ContentView.swift */,
				FB5A62D327602EEA00D5509F /* Assets.xcassets */,
				FB5A62D527602EEA00D5509F /* Preview Content */,
			);
			path = ShowCats;
			sourceTree = "<group>";
		};
		FB5A62D527602EEA00D5509F /* Preview Content */ = {
			isa = PBXGroup;
			children = (
				FB5A62D627602EEA00D5509F /* Preview Assets.xcassets */,
			);
			path = "Preview Content";
			sourceTree = "<group>";
		};
		FBEBF4A427631ACD00853593 /* cats */ = {
			isa = PBXGroup;
			children = (
				FBEBF4A527631ACD00853593 /* somali.jpg */,
				FBEBF4A627631ACD00853593 /* ragamuffin.png */,
				FBEBF4A727631ACD00853593 /* bengal.jpg */,
				FBEBF4A827631ACD00853593 /* exotic.jpg */,
				FBEBF4A927631ACD00853593 /* britishshorthair.jpg */,
				FBEBF4AA27631ACD00853593 /* persia_chinchilla.jpg */,
				FBEBF4AB27631ACD00853593 /* americancurl.jpg */,
				FBEBF4AC27631ACD00853593 /* siberian.jpg */,
				FBEBF4AD27631ACD00853593 /* ragdoll.jpg */,
				FBEBF4AE27631ACD00853593 /* mixed.jpg */,
				FBEBF4AF27631ACD00853593 /* scottishfold.jpg */,
				FBEBF4B027631ACD00853593 /* russianblue.jpg */,
				FBEBF4B127631ACD00853593 /* japanesecat.jpg */,
				FBEBF4B227631ACD00853593 /* munchkin.jpg */,
				FBEBF4B327631ACD00853593 /* persia.jpg */,
				FBEBF4B427631ACD00853593 /* mainecoon.jpg */,
				FBEBF4B527631ACD00853593 /* exoticshorthair.jpg */,
				FBEBF4B627631ACD00853593 /* americanshorthair.jpg */,
				FBEBF4B727631ACD00853593 /* minuet.jpg */,
				FBEBF4B827631ACD00853593 /* norwegianforestcat.jpg */,
			);
			path = cats;
			sourceTree = "<group>";
		};
/* End PBXGroup section */

/* Begin PBXNativeTarget section */
		FB5A62CB27602EE900D5509F /* ShowCats */ = {
			isa = PBXNativeTarget;
			buildConfigurationList = FB5A62DA27602EEA00D5509F /* Build configuration list for PBXNativeTarget "ShowCats" */;
			buildPhases = (
				FB5A62C827602EE900D5509F /* Sources */,
				FB5A62C927602EE900D5509F /* Frameworks */,
				FB5A62CA27602EE900D5509F /* Resources */,
			);
			buildRules = (
			);
			dependencies = (
			);
			name = ShowCats;
			productName = SampleApp;
			productReference = FB5A62CC27602EE900D5509F /* ShowCats.app */;
			productType = "com.apple.product-type.application";
		};
/* End PBXNativeTarget section */

/* Begin PBXProject section */
		FB5A62C427602EE900D5509F /* Project object */ = {
			isa = PBXProject;
			attributes = {
				BuildIndependentTargetsInParallel = 1;
				LastSwiftUpdateCheck = 1310;
				LastUpgradeCheck = 1310;
				TargetAttributes = {
					FB5A62CB27602EE900D5509F = {
						CreatedOnToolsVersion = 13.1;
					};
				};
			};
			buildConfigurationList = FB5A62C727602EE900D5509F /* Build configuration list for PBXProject "ShowCats" */;
			compatibilityVersion = "Xcode 13.0";
			developmentRegion = en;
			hasScannedForEncodings = 0;
			knownRegions = (
				en,
				Base,
			);
			mainGroup = FB5A62C327602EE900D5509F;
			productRefGroup = FB5A62CD27602EE900D5509F /* Products */;
			projectDirPath = "";
			projectRoot = "";
			targets = (
				FB5A62CB27602EE900D5509F /* ShowCats */,
			);
		};
/* End PBXProject section */

/* Begin PBXResourcesBuildPhase section */
		FB5A62CA27602EE900D5509F /* Resources */ = {
			isa = PBXResourcesBuildPhase;
			buildActionMask = 2147483647;
			files = (
				FBEBF4BF27631ACD00853593 /* americancurl.jpg in Resources */,
				FB5A62D727602EEA00D5509F /* Preview Assets.xcassets in Resources */,
				FBEBF4BD27631ACD00853593 /* britishshorthair.jpg in Resources */,
				FBEBF4BC27631ACD00853593 /* exotic.jpg in Resources */,
				FBEBF4C527631ACD00853593 /* japanesecat.jpg in Resources */,
				FBEBF4BA27631ACD00853593 /* ragamuffin.png in Resources */,
				FBEBF4CC27631ACD00853593 /* norwegianforestcat.jpg in Resources */,
				FB5A62D427602EEA00D5509F /* Assets.xcassets in Resources */,
				FBEBF4C027631ACD00853593 /* siberian.jpg in Resources */,
				FBEBF4C627631ACD00853593 /* munchkin.jpg in Resources */,
				FBEBF4BB27631ACD00853593 /* bengal.jpg in Resources */,
				FBEBF4BE27631ACD00853593 /* persia_chinchilla.jpg in Resources */,
				FBEBF4C427631ACD00853593 /* russianblue.jpg in Resources */,
				FBEBF4CB27631ACD00853593 /* minuet.jpg in Resources */,
				FBEBF4C327631ACD00853593 /* scottishfold.jpg in Resources */,
				FBEBF4C827631ACD00853593 /* mainecoon.jpg in Resources */,
				FBEBF4B927631ACD00853593 /* somali.jpg in Resources */,
				FBEBF4C127631ACD00853593 /* ragdoll.jpg in Resources */,
				FBEBF4CA27631ACD00853593 /* americanshorthair.jpg in Resources */,
				FBEBF4C227631ACD00853593 /* mixed.jpg in Resources */,
				FBEBF4C727631ACD00853593 /* persia.jpg in Resources */,
				FBEBF4C927631ACD00853593 /* exoticshorthair.jpg in Resources */,
			);
			runOnlyForDeploymentPostprocessing = 0;
		};
/* End PBXResourcesBuildPhase section */

/* Begin PBXSourcesBuildPhase section */
		FB5A62C827602EE900D5509F /* Sources */ = {
			isa = PBXSourcesBuildPhase;
			buildActionMask = 2147483647;
			files = (
				FB5A62D227602EE900D5509F /* ContentView.swift in Sources */,
				FB5A62D027602EE900D5509F /* ShowCats.swift in Sources */,
			);
			runOnlyForDeploymentPostprocessing = 0;
		};
/* End PBXSourcesBuildPhase section */

/* Begin XCBuildConfiguration section */
		FB5A62D827602EEA00D5509F /* Debug */ = {
			isa = XCBuildConfiguration;
			buildSettings = {
				ALWAYS_SEARCH_USER_PATHS = NO;
				CLANG_ANALYZER_NONNULL = YES;
				CLANG_ANALYZER_NUMBER_OBJECT_CONVERSION = YES_AGGRESSIVE;
				CLANG_CXX_LANGUAGE_STANDARD = "gnu++17";
				CLANG_CXX_LIBRARY = "libc++";
				CLANG_ENABLE_MODULES = YES;
				CLANG_ENABLE_OBJC_ARC = YES;
				CLANG_ENABLE_OBJC_WEAK = YES;
				CLANG_WARN_BLOCK_CAPTURE_AUTORELEASING = YES;
				CLANG_WARN_BOOL_CONVERSION = YES;
				CLANG_WARN_COMMA = YES;
				CLANG_WARN_CONSTANT_CONVERSION = YES;
				CLANG_WARN_DEPRECATED_OBJC_IMPLEMENTATIONS = YES;
				CLANG_WARN_DIRECT_OBJC_ISA_USAGE = YES_ERROR;
				CLANG_WARN_DOCUMENTATION_COMMENTS = YES;
				CLANG_WARN_EMPTY_BODY = YES;
				CLANG_WARN_ENUM_CONVERSION = YES;
				CLANG_WARN_INFINITE_RECURSION = YES;
				CLANG_WARN_INT_CONVERSION = YES;
				CLANG_WARN_NON_LITERAL_NULL_CONVERSION = YES;
				CLANG_WARN_OBJC_IMPLICIT_RETAIN_SELF = YES;
				CLANG_WARN_OBJC_LITERAL_CONVERSION = YES;
				CLANG_WARN_OBJC_ROOT_CLASS = YES_ERROR;
				CLANG_WARN_QUOTED_INCLUDE_IN_FRAMEWORK_HEADER = YES;
				CLANG_WARN_RANGE_LOOP_ANALYSIS = YES;
				CLANG_WARN_STRICT_PROTOTYPES = YES;
				CLANG_WARN_SUSPICIOUS_MOVE = YES;
				CLANG_WARN_UNGUARDED_AVAILABILITY = YES_AGGRESSIVE;
				CLANG_WARN_UNREACHABLE_CODE = YES;
				CLANG_WARN__DUPLICATE_METHOD_MATCH = YES;
				COPY_PHASE_STRIP = NO;
				DEBUG_INFORMATION_FORMAT = dwarf;
				ENABLE_STRICT_OBJC_MSGSEND = YES;
				ENABLE_TESTABILITY = YES;
				GCC_C_LANGUAGE_STANDARD = gnu11;
				GCC_DYNAMIC_NO_PIC = NO;
				GCC_NO_COMMON_BLOCKS = YES;
				GCC_OPTIMIZATION_LEVEL = 0;
				GCC_PREPROCESSOR_DEFINITIONS = (
					"DEBUG=1",
					"$(inherited)",
				);
				GCC_WARN_64_TO_32_BIT_CONVERSION = YES;
				GCC_WARN_ABOUT_RETURN_TYPE = YES_ERROR;
				GCC_WARN_UNDECLARED_SELECTOR = YES;
				GCC_WARN_UNINITIALIZED_AUTOS = YES_AGGRESSIVE;
				GCC_WARN_UNUSED_FUNCTION = YES;
				GCC_WARN_UNUSED_VARIABLE = YES;
				IPHONEOS_DEPLOYMENT_TARGET = 15.0;
				MTL_ENABLE_DEBUG_INFO = INCLUDE_SOURCE;
				MTL_FAST_MATH = YES;
				ONLY_ACTIVE_ARCH = YES;
				SDKROOT = iphoneos;
				SWIFT_ACTIVE_COMPILATION_CONDITIONS = DEBUG;
				SWIFT_OPTIMIZATION_LEVEL = "-Onone";
			};
			name = Debug;
		};
		FB5A62D927602EEA00D5509F /* Release */ = {
			isa = XCBuildConfiguration;
			buildSettings = {
				ALWAYS_SEARCH_USER_PATHS = NO;
				CLANG_ANALYZER_NONNULL = YES;
				CLANG_ANALYZER_NUMBER_OBJECT_CONVERSION = YES_AGGRESSIVE;
				CLANG_CXX_LANGUAGE_STANDARD = "gnu++17";
				CLANG_CXX_LIBRARY = "libc++";
				CLANG_ENABLE_MODULES = YES;
				CLANG_ENABLE_OBJC_ARC = YES;
				CLANG_ENABLE_OBJC_WEAK = YES;
				CLANG_WARN_BLOCK_CAPTURE_AUTORELEASING = YES;
				CLANG_WARN_BOOL_CONVERSION = YES;
				CLANG_WARN_COMMA = YES;
				CLANG_WARN_CONSTANT_CONVERSION = YES;
				CLANG_WARN_DEPRECATED_OBJC_IMPLEMENTATIONS = YES;
				CLANG_WARN_DIRECT_OBJC_ISA_USAGE = YES_ERROR;
				CLANG_WARN_DOCUMENTATION_COMMENTS = YES;
				CLANG_WARN_EMPTY_BODY = YES;
				CLANG_WARN_ENUM_CONVERSION = YES;
				CLANG_WARN_INFINITE_RECURSION = YES;
				CLANG_WARN_INT_CONVERSION = YES;
				CLANG_WARN_NON_LITERAL_NULL_CONVERSION = YES;
				CLANG_WARN_OBJC_IMPLICIT_RETAIN_SELF = YES;
				CLANG_WARN_OBJC_LITERAL_CONVERSION = YES;
				CLANG_WARN_OBJC_ROOT_CLASS = YES_ERROR;
				CLANG_WARN_QUOTED_INCLUDE_IN_FRAMEWORK_HEADER = YES;
				CLANG_WARN_RANGE_LOOP_ANALYSIS = YES;
				CLANG_WARN_STRICT_PROTOTYPES = YES;
				CLANG_WARN_SUSPICIOUS_MOVE = YES;
				CLANG_WARN_UNGUARDED_AVAILABILITY = YES_AGGRESSIVE;
				CLANG_WARN_UNREACHABLE_CODE = YES;
				CLANG_WARN__DUPLICATE_METHOD_MATCH = YES;
				COPY_PHASE_STRIP = NO;
				DEBUG_INFORMATION_FORMAT = "dwarf-with-dsym";
				ENABLE_NS_ASSERTIONS = NO;
				ENABLE_STRICT_OBJC_MSGSEND = YES;
				GCC_C_LANGUAGE_STANDARD = gnu11;
				GCC_NO_COMMON_BLOCKS = YES;
				GCC_WARN_64_TO_32_BIT_CONVERSION = YES;
				GCC_WARN_ABOUT_RETURN_TYPE = YES_ERROR;
				GCC_WARN_UNDECLARED_SELECTOR = YES;
				GCC_WARN_UNINITIALIZED_AUTOS = YES_AGGRESSIVE;
				GCC_WARN_UNUSED_FUNCTION = YES;
				GCC_WARN_UNUSED_VARIABLE = YES;
				IPHONEOS_DEPLOYMENT_TARGET = 15.0;
				MTL_ENABLE_DEBUG_INFO = NO;
				MTL_FAST_MATH = YES;
				SDKROOT = iphoneos;
				SWIFT_COMPILATION_MODE = wholemodule;
				SWIFT_OPTIMIZATION_LEVEL = "-O";
				VALIDATE_PRODUCT = YES;
			};
			name = Release;
		};
		FB5A62DB27602EEA00D5509F /* Debug */ = {
			isa = XCBuildConfiguration;
			buildSettings = {
				ASSETCATALOG_COMPILER_APPICON_NAME = AppIcon;
				ASSETCATALOG_COMPILER_GLOBAL_ACCENT_COLOR_NAME = AccentColor;
				CODE_SIGN_STYLE = Automatic;
				CURRENT_PROJECT_VERSION = 1;
				DEVELOPMENT_ASSET_PATHS = "\"ShowCats/Preview Content\"";
				DEVELOPMENT_TEAM = YRB96N9NUY;
				ENABLE_PREVIEWS = YES;
				GENERATE_INFOPLIST_FILE = YES;
				INFOPLIST_KEY_UIApplicationSceneManifest_Generation = YES;
				INFOPLIST_KEY_UIApplicationSupportsIndirectInputEvents = YES;
				INFOPLIST_KEY_UILaunchScreen_Generation = YES;
				INFOPLIST_KEY_UISupportedInterfaceOrientations_iPad = "UIInterfaceOrientationPortrait UIInterfaceOrientationPortraitUpsideDown UIInterfaceOrientationLandscapeLeft UIInterfaceOrientationLandscapeRight";
				INFOPLIST_KEY_UISupportedInterfaceOrientations_iPhone = "UIInterfaceOrientationPortrait UIInterfaceOrientationLandscapeLeft UIInterfaceOrientationLandscapeRight";
				LD_RUNPATH_SEARCH_PATHS = (
					"$(inherited)",
					"@executable_path/Frameworks",
				);
				MARKETING_VERSION = 1.0;
				PRODUCT_BUNDLE_IDENTIFIER = com.shusei.ShowCats;
				PRODUCT_NAME = ShowCats;
				SWIFT_EMIT_LOC_STRINGS = YES;
				SWIFT_VERSION = 5.0;
				TARGETED_DEVICE_FAMILY = "1,2";
			};
			name = Debug;
		};
		FB5A62DC27602EEA00D5509F /* Release */ = {
			isa = XCBuildConfiguration;
			buildSettings = {
				ASSETCATALOG_COMPILER_APPICON_NAME = AppIcon;
				ASSETCATALOG_COMPILER_GLOBAL_ACCENT_COLOR_NAME = AccentColor;
				CODE_SIGN_STYLE = Automatic;
				CURRENT_PROJECT_VERSION = 1;
				DEVELOPMENT_ASSET_PATHS = "\"ShowCats/Preview Content\"";
				DEVELOPMENT_TEAM = YRB96N9NUY;
				ENABLE_PREVIEWS = YES;
				GENERATE_INFOPLIST_FILE = YES;
				INFOPLIST_KEY_UIApplicationSceneManifest_Generation = YES;
				INFOPLIST_KEY_UIApplicationSupportsIndirectInputEvents = YES;
				INFOPLIST_KEY_UILaunchScreen_Generation = YES;
				INFOPLIST_KEY_UISupportedInterfaceOrientations_iPad = "UIInterfaceOrientationPortrait UIInterfaceOrientationPortraitUpsideDown UIInterfaceOrientationLandscapeLeft UIInterfaceOrientationLandscapeRight";
				INFOPLIST_KEY_UISupportedInterfaceOrientations_iPhone = "UIInterfaceOrientationPortrait UIInterfaceOrientationLandscapeLeft UIInterfaceOrientationLandscapeRight";
				LD_RUNPATH_SEARCH_PATHS = (
					"$(inherited)",
					"@executable_path/Frameworks",
				);
				MARKETING_VERSION = 1.0;
				PRODUCT_BUNDLE_IDENTIFIER = com.shusei.ShowCats;
				PRODUCT_NAME = ShowCats;
				SWIFT_EMIT_LOC_STRINGS = YES;
				SWIFT_VERSION = 5.0;
				TARGETED_DEVICE_FAMILY = "1,2";
			};
			name = Release;
		};
/* End XCBuildConfiguration section */

/* Begin XCConfigurationList section */
		FB5A62C727602EE900D5509F /* Build configuration list for PBXProject "ShowCats" */ = {
			isa = XCConfigurationList;
			buildConfigurations = (
				FB5A62D827602EEA00D5509F /* Debug */,
				FB5A62D927602EEA00D5509F /* Release */,
			);
			defaultConfigurationIsVisible = 0;
			defaultConfigurationName = Release;
		};
		FB5A62DA27602EEA00D5509F /* Build configuration list for PBXNativeTarget "ShowCats" */ = {
			isa = XCConfigurationList;
			buildConfigurations = (
				FB5A62DB27602EEA00D5509F /* Debug */,
				FB5A62DC27602EEA00D5509F /* Release */,
			);
			defaultConfigurationIsVisible = 0;
			defaultConfigurationName = Release;
		};
/* End XCConfigurationList section */
	};
	rootObject = FB5A62C427602EE900D5509F /* Project object */;
}
